// !$*UTF8*$!
{
	archiveVersion = 1;
	classes = {
	};
	objectVersion = 56;
	objects = {

/* Begin PBXBuildFile section */
		231CD4E8C1B6A4762B6C4826 /* Pods_LasportagoTests.framework in Frameworks */ = {isa = PBXBuildFile; fileRef = 2CD18EF2218F7CE928485938 /* Pods_LasportagoTests.framework */; };
		6BE8CF6DAB4CDCA9D3ABFE91 /* Pods_Lasportago.framework in Frameworks */ = {isa = PBXBuildFile; fileRef = C94FBCDA078B57497D3667F1 /* Pods_Lasportago.framework */; };
		705B5B93293CC6A500591DA7 /* LasportagoApp.swift in Sources */ = {isa = PBXBuildFile; fileRef = 705B5B92293CC6A500591DA7 /* LasportagoApp.swift */; };
		705B5B97293CC6A700591DA7 /* Assets.xcassets in Resources */ = {isa = PBXBuildFile; fileRef = 705B5B96293CC6A700591DA7 /* Assets.xcassets */; };
		705B5B9B293CC6A700591DA7 /* Preview Assets.xcassets in Resources */ = {isa = PBXBuildFile; fileRef = 705B5B9A293CC6A700591DA7 /* Preview Assets.xcassets */; };
		705B5BA5293CC6A700591DA7 /* LasportagoTests.swift in Sources */ = {isa = PBXBuildFile; fileRef = 705B5BA4293CC6A700591DA7 /* LasportagoTests.swift */; };
		705B5BAF293CC6A700591DA7 /* LasportagoUITests.swift in Sources */ = {isa = PBXBuildFile; fileRef = 705B5BAE293CC6A700591DA7 /* LasportagoUITests.swift */; };
		705B5BB1293CC6A700591DA7 /* LasportagoUITestsLaunchTests.swift in Sources */ = {isa = PBXBuildFile; fileRef = 705B5BB0293CC6A700591DA7 /* LasportagoUITestsLaunchTests.swift */; };
		70A2FC092945E6470026D954 /* HomeView.swift in Sources */ = {isa = PBXBuildFile; fileRef = 70A2FC082945E6470026D954 /* HomeView.swift */; };
		70A2FC0D2945E7400026D954 /* Nunito-Italic-VariableFont_wght.ttf in Resources */ = {isa = PBXBuildFile; fileRef = 70A2FC0C2945E7350026D954 /* Nunito-Italic-VariableFont_wght.ttf */; };
		70A2FC0E2945E7440026D954 /* Nunito-VariableFont_wght.ttf in Resources */ = {isa = PBXBuildFile; fileRef = 70A2FC0B2945E7340026D954 /* Nunito-VariableFont_wght.ttf */; };
		70A2FC112945FE870026D954 /* CategorySlider.swift in Sources */ = {isa = PBXBuildFile; fileRef = 70A2FC102945FE870026D954 /* CategorySlider.swift */; };
		70A2FC13294601670026D954 /* MatchBanner.swift in Sources */ = {isa = PBXBuildFile; fileRef = 70A2FC12294601670026D954 /* MatchBanner.swift */; };
		70A2FC18294608B70026D954 /* View+RoundedCorner.swift in Sources */ = {isa = PBXBuildFile; fileRef = 70A2FC17294608B70026D954 /* View+RoundedCorner.swift */; };
		70D9752029445CE300B346FE /* GoogleService-Info.plist in Resources */ = {isa = PBXBuildFile; fileRef = 70D9751F29445CE300B346FE /* GoogleService-Info.plist */; };
		875B8693516569784305CB0C /* Pods_Lasportago_LasportagoUITests.framework in Frameworks */ = {isa = PBXBuildFile; fileRef = CB9887BD83AA8EE4C844B923 /* Pods_Lasportago_LasportagoUITests.framework */; };
/* End PBXBuildFile section */

/* Begin PBXContainerItemProxy section */
		705B5BA1293CC6A700591DA7 /* PBXContainerItemProxy */ = {
			isa = PBXContainerItemProxy;
			containerPortal = 705B5B87293CC6A500591DA7 /* Project object */;
			proxyType = 1;
			remoteGlobalIDString = 705B5B8E293CC6A500591DA7;
			remoteInfo = Lasportago;
		};
		705B5BAB293CC6A700591DA7 /* PBXContainerItemProxy */ = {
			isa = PBXContainerItemProxy;
			containerPortal = 705B5B87293CC6A500591DA7 /* Project object */;
			proxyType = 1;
			remoteGlobalIDString = 705B5B8E293CC6A500591DA7;
			remoteInfo = Lasportago;
		};
/* End PBXContainerItemProxy section */

/* Begin PBXFileReference section */
		2CD18EF2218F7CE928485938 /* Pods_LasportagoTests.framework */ = {isa = PBXFileReference; explicitFileType = wrapper.framework; includeInIndex = 0; path = Pods_LasportagoTests.framework; sourceTree = BUILT_PRODUCTS_DIR; };
		70392FE0607BCB078C9DF298 /* Pods-Lasportago.release.xcconfig */ = {isa = PBXFileReference; includeInIndex = 1; lastKnownFileType = text.xcconfig; name = "Pods-Lasportago.release.xcconfig"; path = "Target Support Files/Pods-Lasportago/Pods-Lasportago.release.xcconfig"; sourceTree = "<group>"; };
		705B5B8F293CC6A500591DA7 /* Lasportago.app */ = {isa = PBXFileReference; explicitFileType = wrapper.application; includeInIndex = 0; path = Lasportago.app; sourceTree = BUILT_PRODUCTS_DIR; };
		705B5B92293CC6A500591DA7 /* LasportagoApp.swift */ = {isa = PBXFileReference; lastKnownFileType = sourcecode.swift; path = LasportagoApp.swift; sourceTree = "<group>"; };
		705B5B96293CC6A700591DA7 /* Assets.xcassets */ = {isa = PBXFileReference; lastKnownFileType = folder.assetcatalog; path = Assets.xcassets; sourceTree = "<group>"; };
		705B5B98293CC6A700591DA7 /* Lasportago.entitlements */ = {isa = PBXFileReference; lastKnownFileType = text.plist.entitlements; path = Lasportago.entitlements; sourceTree = "<group>"; };
		705B5B9A293CC6A700591DA7 /* Preview Assets.xcassets */ = {isa = PBXFileReference; lastKnownFileType = folder.assetcatalog; path = "Preview Assets.xcassets"; sourceTree = "<group>"; };
		705B5BA0293CC6A700591DA7 /* LasportagoTests.xctest */ = {isa = PBXFileReference; explicitFileType = wrapper.cfbundle; includeInIndex = 0; path = LasportagoTests.xctest; sourceTree = BUILT_PRODUCTS_DIR; };
		705B5BA4293CC6A700591DA7 /* LasportagoTests.swift */ = {isa = PBXFileReference; lastKnownFileType = sourcecode.swift; path = LasportagoTests.swift; sourceTree = "<group>"; };
		705B5BAA293CC6A700591DA7 /* LasportagoUITests.xctest */ = {isa = PBXFileReference; explicitFileType = wrapper.cfbundle; includeInIndex = 0; path = LasportagoUITests.xctest; sourceTree = BUILT_PRODUCTS_DIR; };
		705B5BAE293CC6A700591DA7 /* LasportagoUITests.swift */ = {isa = PBXFileReference; lastKnownFileType = sourcecode.swift; path = LasportagoUITests.swift; sourceTree = "<group>"; };
		705B5BB0293CC6A700591DA7 /* LasportagoUITestsLaunchTests.swift */ = {isa = PBXFileReference; lastKnownFileType = sourcecode.swift; path = LasportagoUITestsLaunchTests.swift; sourceTree = "<group>"; };
		70A2FC082945E6470026D954 /* HomeView.swift */ = {isa = PBXFileReference; lastKnownFileType = sourcecode.swift; path = HomeView.swift; sourceTree = "<group>"; };
		70A2FC0B2945E7340026D954 /* Nunito-VariableFont_wght.ttf */ = {isa = PBXFileReference; lastKnownFileType = file; path = "Nunito-VariableFont_wght.ttf"; sourceTree = "<group>"; };
		70A2FC0C2945E7350026D954 /* Nunito-Italic-VariableFont_wght.ttf */ = {isa = PBXFileReference; lastKnownFileType = file; path = "Nunito-Italic-VariableFont_wght.ttf"; sourceTree = "<group>"; };
		70A2FC0F2945E7730026D954 /* Info.plist */ = {isa = PBXFileReference; lastKnownFileType = text.plist; path = Info.plist; sourceTree = "<group>"; };
		70A2FC102945FE870026D954 /* CategorySlider.swift */ = {isa = PBXFileReference; lastKnownFileType = sourcecode.swift; path = CategorySlider.swift; sourceTree = "<group>"; };
		70A2FC12294601670026D954 /* MatchBanner.swift */ = {isa = PBXFileReference; lastKnownFileType = sourcecode.swift; path = MatchBanner.swift; sourceTree = "<group>"; };
		70A2FC17294608B70026D954 /* View+RoundedCorner.swift */ = {isa = PBXFileReference; lastKnownFileType = sourcecode.swift; path = "View+RoundedCorner.swift"; sourceTree = "<group>"; };
		70D9751F29445CE300B346FE /* GoogleService-Info.plist */ = {isa = PBXFileReference; fileEncoding = 4; lastKnownFileType = text.plist.xml; path = "GoogleService-Info.plist"; sourceTree = "<group>"; };
		737F97E8B7DCDCE757652850 /* Pods-Lasportago.debug.xcconfig */ = {isa = PBXFileReference; includeInIndex = 1; lastKnownFileType = text.xcconfig; name = "Pods-Lasportago.debug.xcconfig"; path = "Target Support Files/Pods-Lasportago/Pods-Lasportago.debug.xcconfig"; sourceTree = "<group>"; };
		A94B22A5292311A3BF9C93CA /* Pods-LasportagoTests.debug.xcconfig */ = {isa = PBXFileReference; includeInIndex = 1; lastKnownFileType = text.xcconfig; name = "Pods-LasportagoTests.debug.xcconfig"; path = "Target Support Files/Pods-LasportagoTests/Pods-LasportagoTests.debug.xcconfig"; sourceTree = "<group>"; };
		C94FBCDA078B57497D3667F1 /* Pods_Lasportago.framework */ = {isa = PBXFileReference; explicitFileType = wrapper.framework; includeInIndex = 0; path = Pods_Lasportago.framework; sourceTree = BUILT_PRODUCTS_DIR; };
		CB9887BD83AA8EE4C844B923 /* Pods_Lasportago_LasportagoUITests.framework */ = {isa = PBXFileReference; explicitFileType = wrapper.framework; includeInIndex = 0; path = Pods_Lasportago_LasportagoUITests.framework; sourceTree = BUILT_PRODUCTS_DIR; };
		D400945E6D243EEE0C2BF50D /* Pods-Lasportago-LasportagoUITests.release.xcconfig */ = {isa = PBXFileReference; includeInIndex = 1; lastKnownFileType = text.xcconfig; name = "Pods-Lasportago-LasportagoUITests.release.xcconfig"; path = "Target Support Files/Pods-Lasportago-LasportagoUITests/Pods-Lasportago-LasportagoUITests.release.xcconfig"; sourceTree = "<group>"; };
		DD947D4B34B7820374789E6F /* Pods-LasportagoTests.release.xcconfig */ = {isa = PBXFileReference; includeInIndex = 1; lastKnownFileType = text.xcconfig; name = "Pods-LasportagoTests.release.xcconfig"; path = "Target Support Files/Pods-LasportagoTests/Pods-LasportagoTests.release.xcconfig"; sourceTree = "<group>"; };
		EDF1D13495757D6910498B7B /* Pods-Lasportago-LasportagoUITests.debug.xcconfig */ = {isa = PBXFileReference; includeInIndex = 1; lastKnownFileType = text.xcconfig; name = "Pods-Lasportago-LasportagoUITests.debug.xcconfig"; path = "Target Support Files/Pods-Lasportago-LasportagoUITests/Pods-Lasportago-LasportagoUITests.debug.xcconfig"; sourceTree = "<group>"; };
/* End PBXFileReference section */

/* Begin PBXFrameworksBuildPhase section */
		705B5B8C293CC6A500591DA7 /* Frameworks */ = {
			isa = PBXFrameworksBuildPhase;
			buildActionMask = 2147483647;
			files = (
				6BE8CF6DAB4CDCA9D3ABFE91 /* Pods_Lasportago.framework in Frameworks */,
			);
			runOnlyForDeploymentPostprocessing = 0;
		};
		705B5B9D293CC6A700591DA7 /* Frameworks */ = {
			isa = PBXFrameworksBuildPhase;
			buildActionMask = 2147483647;
			files = (
				231CD4E8C1B6A4762B6C4826 /* Pods_LasportagoTests.framework in Frameworks */,
			);
			runOnlyForDeploymentPostprocessing = 0;
		};
		705B5BA7293CC6A700591DA7 /* Frameworks */ = {
			isa = PBXFrameworksBuildPhase;
			buildActionMask = 2147483647;
			files = (
				875B8693516569784305CB0C /* Pods_Lasportago_LasportagoUITests.framework in Frameworks */,
			);
			runOnlyForDeploymentPostprocessing = 0;
		};
/* End PBXFrameworksBuildPhase section */

/* Begin PBXGroup section */
		13AF6CB85272747816498E39 /* Frameworks */ = {
			isa = PBXGroup;
			children = (
				C94FBCDA078B57497D3667F1 /* Pods_Lasportago.framework */,
				CB9887BD83AA8EE4C844B923 /* Pods_Lasportago_LasportagoUITests.framework */,
				2CD18EF2218F7CE928485938 /* Pods_LasportagoTests.framework */,
			);
			name = Frameworks;
			sourceTree = "<group>";
		};
		705B5B86293CC6A500591DA7 = {
			isa = PBXGroup;
			children = (
				705B5B91293CC6A500591DA7 /* Lasportago */,
				705B5BA3293CC6A700591DA7 /* LasportagoTests */,
				705B5BAD293CC6A700591DA7 /* LasportagoUITests */,
				705B5B90293CC6A500591DA7 /* Products */,
				86088B1980089D35F3ABBF27 /* Pods */,
				13AF6CB85272747816498E39 /* Frameworks */,
			);
			sourceTree = "<group>";
		};
		705B5B90293CC6A500591DA7 /* Products */ = {
			isa = PBXGroup;
			children = (
				705B5B8F293CC6A500591DA7 /* Lasportago.app */,
				705B5BA0293CC6A700591DA7 /* LasportagoTests.xctest */,
				705B5BAA293CC6A700591DA7 /* LasportagoUITests.xctest */,
			);
			name = Products;
			sourceTree = "<group>";
		};
		705B5B91293CC6A500591DA7 /* Lasportago */ = {
			isa = PBXGroup;
			children = (
				70A2FC0F2945E7730026D954 /* Info.plist */,
				705B5B92293CC6A500591DA7 /* LasportagoApp.swift */,
				70D9751F29445CE300B346FE /* GoogleService-Info.plist */,
				70A2FC082945E6470026D954 /* HomeView.swift */,
				70A2FC102945FE870026D954 /* CategorySlider.swift */,
				70A2FC12294601670026D954 /* MatchBanner.swift */,
				70A2FC16294608A70026D954 /* Extension */,
				705B5B96293CC6A700591DA7 /* Assets.xcassets */,
				70A2FC0A2945E7260026D954 /* Font */,
				705B5B98293CC6A700591DA7 /* Lasportago.entitlements */,
				705B5B99293CC6A700591DA7 /* Preview Content */,
			);
			path = Lasportago;
			sourceTree = "<group>";
		};
		705B5B99293CC6A700591DA7 /* Preview Content */ = {
			isa = PBXGroup;
			children = (
				705B5B9A293CC6A700591DA7 /* Preview Assets.xcassets */,
			);
			path = "Preview Content";
			sourceTree = "<group>";
		};
		705B5BA3293CC6A700591DA7 /* LasportagoTests */ = {
			isa = PBXGroup;
			children = (
				705B5BA4293CC6A700591DA7 /* LasportagoTests.swift */,
			);
			path = LasportagoTests;
			sourceTree = "<group>";
		};
		705B5BAD293CC6A700591DA7 /* LasportagoUITests */ = {
			isa = PBXGroup;
			children = (
				705B5BAE293CC6A700591DA7 /* LasportagoUITests.swift */,
				705B5BB0293CC6A700591DA7 /* LasportagoUITestsLaunchTests.swift */,
			);
			path = LasportagoUITests;
			sourceTree = "<group>";
		};
		70A2FC0A2945E7260026D954 /* Font */ = {
			isa = PBXGroup;
			children = (
				70A2FC0C2945E7350026D954 /* Nunito-Italic-VariableFont_wght.ttf */,
				70A2FC0B2945E7340026D954 /* Nunito-VariableFont_wght.ttf */,
			);
			path = Font;
			sourceTree = "<group>";
		};
		70A2FC16294608A70026D954 /* Extension */ = {
			isa = PBXGroup;
			children = (
				70A2FC17294608B70026D954 /* View+RoundedCorner.swift */,
			);
			path = Extension;
			sourceTree = "<group>";
		};
		86088B1980089D35F3ABBF27 /* Pods */ = {
			isa = PBXGroup;
			children = (
				737F97E8B7DCDCE757652850 /* Pods-Lasportago.debug.xcconfig */,
				70392FE0607BCB078C9DF298 /* Pods-Lasportago.release.xcconfig */,
				EDF1D13495757D6910498B7B /* Pods-Lasportago-LasportagoUITests.debug.xcconfig */,
				D400945E6D243EEE0C2BF50D /* Pods-Lasportago-LasportagoUITests.release.xcconfig */,
				A94B22A5292311A3BF9C93CA /* Pods-LasportagoTests.debug.xcconfig */,
				DD947D4B34B7820374789E6F /* Pods-LasportagoTests.release.xcconfig */,
			);
			path = Pods;
			sourceTree = "<group>";
		};
/* End PBXGroup section */

/* Begin PBXNativeTarget section */
		705B5B8E293CC6A500591DA7 /* Lasportago */ = {
			isa = PBXNativeTarget;
			buildConfigurationList = 705B5BB4293CC6A700591DA7 /* Build configuration list for PBXNativeTarget "Lasportago" */;
			buildPhases = (
				14359E012A692DF16CBFB267 /* [CP] Check Pods Manifest.lock */,
				705B5B8B293CC6A500591DA7 /* Sources */,
				705B5B8C293CC6A500591DA7 /* Frameworks */,
				705B5B8D293CC6A500591DA7 /* Resources */,
				706CA852294DE2C400B754CB /* ShellScript */,
				9BD8863DF8EBDBD096ADE67B /* [CP] Embed Pods Frameworks */,
			);
			buildRules = (
			);
			dependencies = (
			);
			name = Lasportago;
			productName = Lasportago;
			productReference = 705B5B8F293CC6A500591DA7 /* Lasportago.app */;
			productType = "com.apple.product-type.application";
		};
		705B5B9F293CC6A700591DA7 /* LasportagoTests */ = {
			isa = PBXNativeTarget;
			buildConfigurationList = 705B5BB7293CC6A700591DA7 /* Build configuration list for PBXNativeTarget "LasportagoTests" */;
			buildPhases = (
				99DBABAB413FF78B436DA7FB /* [CP] Check Pods Manifest.lock */,
				705B5B9C293CC6A700591DA7 /* Sources */,
				705B5B9D293CC6A700591DA7 /* Frameworks */,
				705B5B9E293CC6A700591DA7 /* Resources */,
			);
			buildRules = (
			);
			dependencies = (
				705B5BA2293CC6A700591DA7 /* PBXTargetDependency */,
			);
			name = LasportagoTests;
			productName = LasportagoTests;
			productReference = 705B5BA0293CC6A700591DA7 /* LasportagoTests.xctest */;
			productType = "com.apple.product-type.bundle.unit-test";
		};
		705B5BA9293CC6A700591DA7 /* LasportagoUITests */ = {
			isa = PBXNativeTarget;
			buildConfigurationList = 705B5BBA293CC6A700591DA7 /* Build configuration list for PBXNativeTarget "LasportagoUITests" */;
			buildPhases = (
				E8B40F667D1B44729E64C8E9 /* [CP] Check Pods Manifest.lock */,
				705B5BA6293CC6A700591DA7 /* Sources */,
				705B5BA7293CC6A700591DA7 /* Frameworks */,
				705B5BA8293CC6A700591DA7 /* Resources */,
				4709B791EA824EAB0E109262 /* [CP] Embed Pods Frameworks */,
			);
			buildRules = (
			);
			dependencies = (
				705B5BAC293CC6A700591DA7 /* PBXTargetDependency */,
			);
			name = LasportagoUITests;
			productName = LasportagoUITests;
			productReference = 705B5BAA293CC6A700591DA7 /* LasportagoUITests.xctest */;
			productType = "com.apple.product-type.bundle.ui-testing";
		};
/* End PBXNativeTarget section */

/* Begin PBXProject section */
		705B5B87293CC6A500591DA7 /* Project object */ = {
			isa = PBXProject;
			attributes = {
				BuildIndependentTargetsInParallel = 1;
				LastSwiftUpdateCheck = 1410;
				LastUpgradeCheck = 1410;
				TargetAttributes = {
					705B5B8E293CC6A500591DA7 = {
						CreatedOnToolsVersion = 14.1;
					};
					705B5B9F293CC6A700591DA7 = {
						CreatedOnToolsVersion = 14.1;
						TestTargetID = 705B5B8E293CC6A500591DA7;
					};
					705B5BA9293CC6A700591DA7 = {
						CreatedOnToolsVersion = 14.1;
						TestTargetID = 705B5B8E293CC6A500591DA7;
					};
				};
			};
			buildConfigurationList = 705B5B8A293CC6A500591DA7 /* Build configuration list for PBXProject "Lasportago" */;
			compatibilityVersion = "Xcode 14.0";
			developmentRegion = en;
			hasScannedForEncodings = 0;
			knownRegions = (
				en,
				Base,
			);
			mainGroup = 705B5B86293CC6A500591DA7;
			productRefGroup = 705B5B90293CC6A500591DA7 /* Products */;
			projectDirPath = "";
			projectRoot = "";
			targets = (
				705B5B8E293CC6A500591DA7 /* Lasportago */,
				705B5B9F293CC6A700591DA7 /* LasportagoTests */,
				705B5BA9293CC6A700591DA7 /* LasportagoUITests */,
			);
		};
/* End PBXProject section */

/* Begin PBXResourcesBuildPhase section */
		705B5B8D293CC6A500591DA7 /* Resources */ = {
			isa = PBXResourcesBuildPhase;
			buildActionMask = 2147483647;
			files = (
				705B5B9B293CC6A700591DA7 /* Preview Assets.xcassets in Resources */,
				705B5B97293CC6A700591DA7 /* Assets.xcassets in Resources */,
				70A2FC0D2945E7400026D954 /* Nunito-Italic-VariableFont_wght.ttf in Resources */,
				70A2FC0E2945E7440026D954 /* Nunito-VariableFont_wght.ttf in Resources */,
				70D9752029445CE300B346FE /* GoogleService-Info.plist in Resources */,
			);
			runOnlyForDeploymentPostprocessing = 0;
		};
		705B5B9E293CC6A700591DA7 /* Resources */ = {
			isa = PBXResourcesBuildPhase;
			buildActionMask = 2147483647;
			files = (
			);
			runOnlyForDeploymentPostprocessing = 0;
		};
		705B5BA8293CC6A700591DA7 /* Resources */ = {
			isa = PBXResourcesBuildPhase;
			buildActionMask = 2147483647;
			files = (
			);
			runOnlyForDeploymentPostprocessing = 0;
		};
/* End PBXResourcesBuildPhase section */

/* Begin PBXShellScriptBuildPhase section */
		14359E012A692DF16CBFB267 /* [CP] Check Pods Manifest.lock */ = {
			isa = PBXShellScriptBuildPhase;
			buildActionMask = 2147483647;
			files = (
			);
			inputFileListPaths = (
			);
			inputPaths = (
				"${PODS_PODFILE_DIR_PATH}/Podfile.lock",
				"${PODS_ROOT}/Manifest.lock",
			);
			name = "[CP] Check Pods Manifest.lock";
			outputFileListPaths = (
			);
			outputPaths = (
				"$(DERIVED_FILE_DIR)/Pods-Lasportago-checkManifestLockResult.txt",
			);
			runOnlyForDeploymentPostprocessing = 0;
			shellPath = /bin/sh;
			shellScript = "diff \"${PODS_PODFILE_DIR_PATH}/Podfile.lock\" \"${PODS_ROOT}/Manifest.lock\" > /dev/null\nif [ $? != 0 ] ; then\n    # print error to STDERR\n    echo \"error: The sandbox is not in sync with the Podfile.lock. Run 'pod install' or update your CocoaPods installation.\" >&2\n    exit 1\nfi\n# This output is used by Xcode 'outputs' to avoid re-running this script phase.\necho \"SUCCESS\" > \"${SCRIPT_OUTPUT_FILE_0}\"\n";
			showEnvVarsInLog = 0;
		};
		4709B791EA824EAB0E109262 /* [CP] Embed Pods Frameworks */ = {
			isa = PBXShellScriptBuildPhase;
			buildActionMask = 2147483647;
			files = (
			);
			inputFileListPaths = (
				"${PODS_ROOT}/Target Support Files/Pods-Lasportago-LasportagoUITests/Pods-Lasportago-LasportagoUITests-frameworks-${CONFIGURATION}-input-files.xcfilelist",
			);
			name = "[CP] Embed Pods Frameworks";
			outputFileListPaths = (
				"${PODS_ROOT}/Target Support Files/Pods-Lasportago-LasportagoUITests/Pods-Lasportago-LasportagoUITests-frameworks-${CONFIGURATION}-output-files.xcfilelist",
			);
			runOnlyForDeploymentPostprocessing = 0;
			shellPath = /bin/sh;
			shellScript = "\"${PODS_ROOT}/Target Support Files/Pods-Lasportago-LasportagoUITests/Pods-Lasportago-LasportagoUITests-frameworks.sh\"\n";
			showEnvVarsInLog = 0;
		};
		706CA852294DE2C400B754CB /* ShellScript */ = {
			isa = PBXShellScriptBuildPhase;
			alwaysOutOfDate = 1;
			buildActionMask = 2147483647;
			files = (
			);
			inputFileListPaths = (
			);
			inputPaths = (
			);
			outputFileListPaths = (
			);
			outputPaths = (
			);
			runOnlyForDeploymentPostprocessing = 0;
			shellPath = /bin/sh;
			shellScript = "\"${PODS_ROOT}/SwiftLint/swiftlint\"\n";
		};
		99DBABAB413FF78B436DA7FB /* [CP] Check Pods Manifest.lock */ = {
			isa = PBXShellScriptBuildPhase;
			buildActionMask = 2147483647;
			files = (
			);
			inputFileListPaths = (
			);
			inputPaths = (
				"${PODS_PODFILE_DIR_PATH}/Podfile.lock",
				"${PODS_ROOT}/Manifest.lock",
			);
			name = "[CP] Check Pods Manifest.lock";
			outputFileListPaths = (
			);
			outputPaths = (
				"$(DERIVED_FILE_DIR)/Pods-LasportagoTests-checkManifestLockResult.txt",
			);
			runOnlyForDeploymentPostprocessing = 0;
			shellPath = /bin/sh;
			shellScript = "diff \"${PODS_PODFILE_DIR_PATH}/Podfile.lock\" \"${PODS_ROOT}/Manifest.lock\" > /dev/null\nif [ $? != 0 ] ; then\n    # print error to STDERR\n    echo \"error: The sandbox is not in sync with the Podfile.lock. Run 'pod install' or update your CocoaPods installation.\" >&2\n    exit 1\nfi\n# This output is used by Xcode 'outputs' to avoid re-running this script phase.\necho \"SUCCESS\" > \"${SCRIPT_OUTPUT_FILE_0}\"\n";
			showEnvVarsInLog = 0;
		};
		9BD8863DF8EBDBD096ADE67B /* [CP] Embed Pods Frameworks */ = {
			isa = PBXShellScriptBuildPhase;
			buildActionMask = 2147483647;
			files = (
			);
			inputFileListPaths = (
				"${PODS_ROOT}/Target Support Files/Pods-Lasportago/Pods-Lasportago-frameworks-${CONFIGURATION}-input-files.xcfilelist",
			);
			name = "[CP] Embed Pods Frameworks";
			outputFileListPaths = (
				"${PODS_ROOT}/Target Support Files/Pods-Lasportago/Pods-Lasportago-frameworks-${CONFIGURATION}-output-files.xcfilelist",
			);
			runOnlyForDeploymentPostprocessing = 0;
			shellPath = /bin/sh;
			shellScript = "\"${PODS_ROOT}/Target Support Files/Pods-Lasportago/Pods-Lasportago-frameworks.sh\"\n";
			showEnvVarsInLog = 0;
		};
		E8B40F667D1B44729E64C8E9 /* [CP] Check Pods Manifest.lock */ = {
			isa = PBXShellScriptBuildPhase;
			buildActionMask = 2147483647;
			files = (
			);
			inputFileListPaths = (
			);
			inputPaths = (
				"${PODS_PODFILE_DIR_PATH}/Podfile.lock",
				"${PODS_ROOT}/Manifest.lock",
			);
			name = "[CP] Check Pods Manifest.lock";
			outputFileListPaths = (
			);
			outputPaths = (
				"$(DERIVED_FILE_DIR)/Pods-Lasportago-LasportagoUITests-checkManifestLockResult.txt",
			);
			runOnlyForDeploymentPostprocessing = 0;
			shellPath = /bin/sh;
			shellScript = "diff \"${PODS_PODFILE_DIR_PATH}/Podfile.lock\" \"${PODS_ROOT}/Manifest.lock\" > /dev/null\nif [ $? != 0 ] ; then\n    # print error to STDERR\n    echo \"error: The sandbox is not in sync with the Podfile.lock. Run 'pod install' or update your CocoaPods installation.\" >&2\n    exit 1\nfi\n# This output is used by Xcode 'outputs' to avoid re-running this script phase.\necho \"SUCCESS\" > \"${SCRIPT_OUTPUT_FILE_0}\"\n";
			showEnvVarsInLog = 0;
		};
/* End PBXShellScriptBuildPhase section */

/* Begin PBXSourcesBuildPhase section */
		705B5B8B293CC6A500591DA7 /* Sources */ = {
			isa = PBXSourcesBuildPhase;
			buildActionMask = 2147483647;
			files = (
				70A2FC112945FE870026D954 /* CategorySlider.swift in Sources */,
				70A2FC092945E6470026D954 /* HomeView.swift in Sources */,
				70A2FC18294608B70026D954 /* View+RoundedCorner.swift in Sources */,
				705B5B93293CC6A500591DA7 /* LasportagoApp.swift in Sources */,
				70A2FC13294601670026D954 /* MatchBanner.swift in Sources */,
			);
			runOnlyForDeploymentPostprocessing = 0;
		};
		705B5B9C293CC6A700591DA7 /* Sources */ = {
			isa = PBXSourcesBuildPhase;
			buildActionMask = 2147483647;
			files = (
				705B5BA5293CC6A700591DA7 /* LasportagoTests.swift in Sources */,
			);
			runOnlyForDeploymentPostprocessing = 0;
		};
		705B5BA6293CC6A700591DA7 /* Sources */ = {
			isa = PBXSourcesBuildPhase;
			buildActionMask = 2147483647;
			files = (
				705B5BB1293CC6A700591DA7 /* LasportagoUITestsLaunchTests.swift in Sources */,
				705B5BAF293CC6A700591DA7 /* LasportagoUITests.swift in Sources */,
			);
			runOnlyForDeploymentPostprocessing = 0;
		};
/* End PBXSourcesBuildPhase section */

/* Begin PBXTargetDependency section */
		705B5BA2293CC6A700591DA7 /* PBXTargetDependency */ = {
			isa = PBXTargetDependency;
			target = 705B5B8E293CC6A500591DA7 /* Lasportago */;
			targetProxy = 705B5BA1293CC6A700591DA7 /* PBXContainerItemProxy */;
		};
		705B5BAC293CC6A700591DA7 /* PBXTargetDependency */ = {
			isa = PBXTargetDependency;
			target = 705B5B8E293CC6A500591DA7 /* Lasportago */;
			targetProxy = 705B5BAB293CC6A700591DA7 /* PBXContainerItemProxy */;
		};
/* End PBXTargetDependency section */

/* Begin XCBuildConfiguration section */
		705B5BB2293CC6A700591DA7 /* Debug */ = {
			isa = XCBuildConfiguration;
			buildSettings = {
				ALWAYS_SEARCH_USER_PATHS = NO;
				CLANG_ANALYZER_NONNULL = YES;
				CLANG_ANALYZER_NUMBER_OBJECT_CONVERSION = YES_AGGRESSIVE;
				CLANG_CXX_LANGUAGE_STANDARD = "gnu++20";
				CLANG_ENABLE_MODULES = YES;
				CLANG_ENABLE_OBJC_ARC = YES;
				CLANG_ENABLE_OBJC_WEAK = YES;
				CLANG_WARN_BLOCK_CAPTURE_AUTORELEASING = YES;
				CLANG_WARN_BOOL_CONVERSION = YES;
				CLANG_WARN_COMMA = YES;
				CLANG_WARN_CONSTANT_CONVERSION = YES;
				CLANG_WARN_DEPRECATED_OBJC_IMPLEMENTATIONS = YES;
				CLANG_WARN_DIRECT_OBJC_ISA_USAGE = YES_ERROR;
				CLANG_WARN_DOCUMENTATION_COMMENTS = YES;
				CLANG_WARN_EMPTY_BODY = YES;
				CLANG_WARN_ENUM_CONVERSION = YES;
				CLANG_WARN_INFINITE_RECURSION = YES;
				CLANG_WARN_INT_CONVERSION = YES;
				CLANG_WARN_NON_LITERAL_NULL_CONVERSION = YES;
				CLANG_WARN_OBJC_IMPLICIT_RETAIN_SELF = YES;
				CLANG_WARN_OBJC_LITERAL_CONVERSION = YES;
				CLANG_WARN_OBJC_ROOT_CLASS = YES_ERROR;
				CLANG_WARN_QUOTED_INCLUDE_IN_FRAMEWORK_HEADER = YES;
				CLANG_WARN_RANGE_LOOP_ANALYSIS = YES;
				CLANG_WARN_STRICT_PROTOTYPES = YES;
				CLANG_WARN_SUSPICIOUS_MOVE = YES;
				CLANG_WARN_UNGUARDED_AVAILABILITY = YES_AGGRESSIVE;
				CLANG_WARN_UNREACHABLE_CODE = YES;
				CLANG_WARN__DUPLICATE_METHOD_MATCH = YES;
				COPY_PHASE_STRIP = NO;
				DEAD_CODE_STRIPPING = YES;
				DEBUG_INFORMATION_FORMAT = dwarf;
				ENABLE_STRICT_OBJC_MSGSEND = YES;
				ENABLE_TESTABILITY = YES;
				GCC_C_LANGUAGE_STANDARD = gnu11;
				GCC_DYNAMIC_NO_PIC = NO;
				GCC_NO_COMMON_BLOCKS = YES;
				GCC_OPTIMIZATION_LEVEL = 0;
				GCC_PREPROCESSOR_DEFINITIONS = (
					"DEBUG=1",
					"$(inherited)",
				);
				GCC_WARN_64_TO_32_BIT_CONVERSION = YES;
				GCC_WARN_ABOUT_RETURN_TYPE = YES_ERROR;
				GCC_WARN_UNDECLARED_SELECTOR = YES;
				GCC_WARN_UNINITIALIZED_AUTOS = YES_AGGRESSIVE;
				GCC_WARN_UNUSED_FUNCTION = YES;
				GCC_WARN_UNUSED_VARIABLE = YES;
				IPHONEOS_DEPLOYMENT_TARGET = 15.0;
				MTL_ENABLE_DEBUG_INFO = INCLUDE_SOURCE;
				MTL_FAST_MATH = YES;
				ONLY_ACTIVE_ARCH = YES;
				SWIFT_ACTIVE_COMPILATION_CONDITIONS = DEBUG;
				SWIFT_OPTIMIZATION_LEVEL = "-Onone";
			};
			name = Debug;
		};
		705B5BB3293CC6A700591DA7 /* Release */ = {
			isa = XCBuildConfiguration;
			buildSettings = {
				ALWAYS_SEARCH_USER_PATHS = NO;
				CLANG_ANALYZER_NONNULL = YES;
				CLANG_ANALYZER_NUMBER_OBJECT_CONVERSION = YES_AGGRESSIVE;
				CLANG_CXX_LANGUAGE_STANDARD = "gnu++20";
				CLANG_ENABLE_MODULES = YES;
				CLANG_ENABLE_OBJC_ARC = YES;
				CLANG_ENABLE_OBJC_WEAK = YES;
				CLANG_WARN_BLOCK_CAPTURE_AUTORELEASING = YES;
				CLANG_WARN_BOOL_CONVERSION = YES;
				CLANG_WARN_COMMA = YES;
				CLANG_WARN_CONSTANT_CONVERSION = YES;
				CLANG_WARN_DEPRECATED_OBJC_IMPLEMENTATIONS = YES;
				CLANG_WARN_DIRECT_OBJC_ISA_USAGE = YES_ERROR;
				CLANG_WARN_DOCUMENTATION_COMMENTS = YES;
				CLANG_WARN_EMPTY_BODY = YES;
				CLANG_WARN_ENUM_CONVERSION = YES;
				CLANG_WARN_INFINITE_RECURSION = YES;
				CLANG_WARN_INT_CONVERSION = YES;
				CLANG_WARN_NON_LITERAL_NULL_CONVERSION = YES;
				CLANG_WARN_OBJC_IMPLICIT_RETAIN_SELF = YES;
				CLANG_WARN_OBJC_LITERAL_CONVERSION = YES;
				CLANG_WARN_OBJC_ROOT_CLASS = YES_ERROR;
				CLANG_WARN_QUOTED_INCLUDE_IN_FRAMEWORK_HEADER = YES;
				CLANG_WARN_RANGE_LOOP_ANALYSIS = YES;
				CLANG_WARN_STRICT_PROTOTYPES = YES;
				CLANG_WARN_SUSPICIOUS_MOVE = YES;
				CLANG_WARN_UNGUARDED_AVAILABILITY = YES_AGGRESSIVE;
				CLANG_WARN_UNREACHABLE_CODE = YES;
				CLANG_WARN__DUPLICATE_METHOD_MATCH = YES;
				COPY_PHASE_STRIP = NO;
				DEAD_CODE_STRIPPING = YES;
				DEBUG_INFORMATION_FORMAT = "dwarf-with-dsym";
				ENABLE_NS_ASSERTIONS = NO;
				ENABLE_STRICT_OBJC_MSGSEND = YES;
				GCC_C_LANGUAGE_STANDARD = gnu11;
				GCC_NO_COMMON_BLOCKS = YES;
				GCC_WARN_64_TO_32_BIT_CONVERSION = YES;
				GCC_WARN_ABOUT_RETURN_TYPE = YES_ERROR;
				GCC_WARN_UNDECLARED_SELECTOR = YES;
				GCC_WARN_UNINITIALIZED_AUTOS = YES_AGGRESSIVE;
				GCC_WARN_UNUSED_FUNCTION = YES;
				GCC_WARN_UNUSED_VARIABLE = YES;
				IPHONEOS_DEPLOYMENT_TARGET = 15.0;
				MTL_ENABLE_DEBUG_INFO = NO;
				MTL_FAST_MATH = YES;
				SWIFT_COMPILATION_MODE = wholemodule;
				SWIFT_OPTIMIZATION_LEVEL = "-O";
			};
			name = Release;
		};
		705B5BB5293CC6A700591DA7 /* Debug */ = {
			isa = XCBuildConfiguration;
			baseConfigurationReference = 737F97E8B7DCDCE757652850 /* Pods-Lasportago.debug.xcconfig */;
			buildSettings = {
				ASSETCATALOG_COMPILER_APPICON_NAME = AppIcon;
				ASSETCATALOG_COMPILER_GLOBAL_ACCENT_COLOR_NAME = AccentColor;
				CODE_SIGN_ENTITLEMENTS = Lasportago/Lasportago.entitlements;
				CODE_SIGN_IDENTITY = "-";
				"CODE_SIGN_IDENTITY[sdk=iphoneos*]" = "Apple Development";
				CODE_SIGN_STYLE = Automatic;
				CURRENT_PROJECT_VERSION = 11;
				DEAD_CODE_STRIPPING = YES;
				DEVELOPMENT_ASSET_PATHS = "\"Lasportago/Preview Content\"";
				DEVELOPMENT_TEAM = C625QPFG8X;
				ENABLE_HARDENED_RUNTIME = YES;
				ENABLE_PREVIEWS = YES;
				GENERATE_INFOPLIST_FILE = YES;
				INFOPLIST_FILE = Lasportago/Info.plist;
				INFOPLIST_KEY_LSApplicationCategoryType = "public.app-category.sports";
				"INFOPLIST_KEY_UIApplicationSceneManifest_Generation[sdk=iphoneos*]" = YES;
				"INFOPLIST_KEY_UIApplicationSceneManifest_Generation[sdk=iphonesimulator*]" = YES;
				"INFOPLIST_KEY_UIApplicationSupportsIndirectInputEvents[sdk=iphoneos*]" = YES;
				"INFOPLIST_KEY_UIApplicationSupportsIndirectInputEvents[sdk=iphonesimulator*]" = YES;
				"INFOPLIST_KEY_UILaunchScreen_Generation[sdk=iphoneos*]" = YES;
				"INFOPLIST_KEY_UILaunchScreen_Generation[sdk=iphonesimulator*]" = YES;
				"INFOPLIST_KEY_UIStatusBarStyle[sdk=iphoneos*]" = UIStatusBarStyleDefault;
				"INFOPLIST_KEY_UIStatusBarStyle[sdk=iphonesimulator*]" = UIStatusBarStyleDefault;
				INFOPLIST_KEY_UISupportedInterfaceOrientations_iPad = "UIInterfaceOrientationPortrait UIInterfaceOrientationPortraitUpsideDown UIInterfaceOrientationLandscapeLeft UIInterfaceOrientationLandscapeRight";
				INFOPLIST_KEY_UISupportedInterfaceOrientations_iPhone = "UIInterfaceOrientationPortrait UIInterfaceOrientationLandscapeLeft UIInterfaceOrientationLandscapeRight";
				INFOPLIST_KEY_UIUserInterfaceStyle = Dark;
				IPHONEOS_DEPLOYMENT_TARGET = 15.0;
				LD_RUNPATH_SEARCH_PATHS = "@executable_path/Frameworks";
				"LD_RUNPATH_SEARCH_PATHS[sdk=macosx*]" = "@executable_path/../Frameworks";
				MACOSX_DEPLOYMENT_TARGET = 13.0;
				MARKETING_VERSION = 1.0;
				PRODUCT_BUNDLE_IDENTIFIER = com.arrinal.Lasportago;
				PRODUCT_NAME = "$(TARGET_NAME)";
				SDKROOT = auto;
				SUPPORTED_PLATFORMS = "iphoneos iphonesimulator";
				SUPPORTS_MACCATALYST = NO;
				SUPPORTS_MAC_DESIGNED_FOR_IPHONE_IPAD = NO;
				SWIFT_EMIT_LOC_STRINGS = YES;
				SWIFT_VERSION = 5.0;
				TARGETED_DEVICE_FAMILY = "1,2";
			};
			name = Debug;
		};
		705B5BB6293CC6A700591DA7 /* Release */ = {
			isa = XCBuildConfiguration;
			baseConfigurationReference = 70392FE0607BCB078C9DF298 /* Pods-Lasportago.release.xcconfig */;
			buildSettings = {
				ASSETCATALOG_COMPILER_APPICON_NAME = AppIcon;
				ASSETCATALOG_COMPILER_GLOBAL_ACCENT_COLOR_NAME = AccentColor;
				CODE_SIGN_ENTITLEMENTS = Lasportago/Lasportago.entitlements;
				CODE_SIGN_IDENTITY = "-";
				"CODE_SIGN_IDENTITY[sdk=iphoneos*]" = "Apple Development";
				CODE_SIGN_STYLE = Automatic;
				CURRENT_PROJECT_VERSION = 11;
				DEAD_CODE_STRIPPING = YES;
				DEVELOPMENT_ASSET_PATHS = "\"Lasportago/Preview Content\"";
				DEVELOPMENT_TEAM = C625QPFG8X;
				ENABLE_HARDENED_RUNTIME = YES;
				ENABLE_PREVIEWS = YES;
				GENERATE_INFOPLIST_FILE = YES;
				INFOPLIST_FILE = Lasportago/Info.plist;
				INFOPLIST_KEY_LSApplicationCategoryType = "public.app-category.sports";
				"INFOPLIST_KEY_UIApplicationSceneManifest_Generation[sdk=iphoneos*]" = YES;
				"INFOPLIST_KEY_UIApplicationSceneManifest_Generation[sdk=iphonesimulator*]" = YES;
				"INFOPLIST_KEY_UIApplicationSupportsIndirectInputEvents[sdk=iphoneos*]" = YES;
				"INFOPLIST_KEY_UIApplicationSupportsIndirectInputEvents[sdk=iphonesimulator*]" = YES;
				"INFOPLIST_KEY_UILaunchScreen_Generation[sdk=iphoneos*]" = YES;
				"INFOPLIST_KEY_UILaunchScreen_Generation[sdk=iphonesimulator*]" = YES;
				"INFOPLIST_KEY_UIStatusBarStyle[sdk=iphoneos*]" = UIStatusBarStyleDefault;
				"INFOPLIST_KEY_UIStatusBarStyle[sdk=iphonesimulator*]" = UIStatusBarStyleDefault;
				INFOPLIST_KEY_UISupportedInterfaceOrientations_iPad = "UIInterfaceOrientationPortrait UIInterfaceOrientationPortraitUpsideDown UIInterfaceOrientationLandscapeLeft UIInterfaceOrientationLandscapeRight";
				INFOPLIST_KEY_UISupportedInterfaceOrientations_iPhone = "UIInterfaceOrientationPortrait UIInterfaceOrientationLandscapeLeft UIInterfaceOrientationLandscapeRight";
				INFOPLIST_KEY_UIUserInterfaceStyle = Dark;
				IPHONEOS_DEPLOYMENT_TARGET = 15.0;
				LD_RUNPATH_SEARCH_PATHS = "@executable_path/Frameworks";
				"LD_RUNPATH_SEARCH_PATHS[sdk=macosx*]" = "@executable_path/../Frameworks";
				MACOSX_DEPLOYMENT_TARGET = 13.0;
				MARKETING_VERSION = 1.0;
				PRODUCT_BUNDLE_IDENTIFIER = com.arrinal.Lasportago;
				PRODUCT_NAME = "$(TARGET_NAME)";
				SDKROOT = auto;
				SUPPORTED_PLATFORMS = "iphoneos iphonesimulator";
				SUPPORTS_MACCATALYST = NO;
				SUPPORTS_MAC_DESIGNED_FOR_IPHONE_IPAD = NO;
				SWIFT_EMIT_LOC_STRINGS = YES;
				SWIFT_VERSION = 5.0;
				TARGETED_DEVICE_FAMILY = "1,2";
			};
			name = Release;
		};
		705B5BB8293CC6A700591DA7 /* Debug */ = {
			isa = XCBuildConfiguration;
			baseConfigurationReference = A94B22A5292311A3BF9C93CA /* Pods-LasportagoTests.debug.xcconfig */;
			buildSettings = {
				ALWAYS_EMBED_SWIFT_STANDARD_LIBRARIES = YES;
				BUNDLE_LOADER = "$(TEST_HOST)";
				CODE_SIGN_STYLE = Automatic;
				CURRENT_PROJECT_VERSION = 11;
				DEAD_CODE_STRIPPING = YES;
				DEVELOPMENT_TEAM = C625QPFG8X;
				GENERATE_INFOPLIST_FILE = YES;
				IPHONEOS_DEPLOYMENT_TARGET = 16.1;
				MACOSX_DEPLOYMENT_TARGET = 13.0;
				MARKETING_VERSION = 1.0;
				PRODUCT_BUNDLE_IDENTIFIER = com.arrinal.LasportagoTests;
				PRODUCT_NAME = "$(TARGET_NAME)";
				SDKROOT = auto;
				SUPPORTED_PLATFORMS = "iphoneos iphonesimulator macosx";
				SWIFT_EMIT_LOC_STRINGS = NO;
				SWIFT_VERSION = 5.0;
				TARGETED_DEVICE_FAMILY = "1,2";
				TEST_HOST = "$(BUILT_PRODUCTS_DIR)/Lasportago.app/$(BUNDLE_EXECUTABLE_FOLDER_PATH)/Lasportago";
			};
			name = Debug;
		};
		705B5BB9293CC6A700591DA7 /* Release */ = {
			isa = XCBuildConfiguration;
			baseConfigurationReference = DD947D4B34B7820374789E6F /* Pods-LasportagoTests.release.xcconfig */;
			buildSettings = {
				ALWAYS_EMBED_SWIFT_STANDARD_LIBRARIES = YES;
				BUNDLE_LOADER = "$(TEST_HOST)";
				CODE_SIGN_STYLE = Automatic;
				CURRENT_PROJECT_VERSION = 11;
				DEAD_CODE_STRIPPING = YES;
				DEVELOPMENT_TEAM = C625QPFG8X;
				GENERATE_INFOPLIST_FILE = YES;
				IPHONEOS_DEPLOYMENT_TARGET = 16.1;
				MACOSX_DEPLOYMENT_TARGET = 13.0;
				MARKETING_VERSION = 1.0;
				PRODUCT_BUNDLE_IDENTIFIER = com.arrinal.LasportagoTests;
				PRODUCT_NAME = "$(TARGET_NAME)";
				SDKROOT = auto;
				SUPPORTED_PLATFORMS = "iphoneos iphonesimulator macosx";
				SWIFT_EMIT_LOC_STRINGS = NO;
				SWIFT_VERSION = 5.0;
				TARGETED_DEVICE_FAMILY = "1,2";
				TEST_HOST = "$(BUILT_PRODUCTS_DIR)/Lasportago.app/$(BUNDLE_EXECUTABLE_FOLDER_PATH)/Lasportago";
			};
			name = Release;
		};
		705B5BBB293CC6A700591DA7 /* Debug */ = {
			isa = XCBuildConfiguration;
			baseConfigurationReference = EDF1D13495757D6910498B7B /* Pods-Lasportago-LasportagoUITests.debug.xcconfig */;
			buildSettings = {
				ALWAYS_EMBED_SWIFT_STANDARD_LIBRARIES = YES;
				CODE_SIGN_STYLE = Automatic;
				CURRENT_PROJECT_VERSION = 11;
				DEAD_CODE_STRIPPING = YES;
				DEVELOPMENT_TEAM = C625QPFG8X;
				GENERATE_INFOPLIST_FILE = YES;
				IPHONEOS_DEPLOYMENT_TARGET = 16.1;
				MACOSX_DEPLOYMENT_TARGET = 13.0;
				MARKETING_VERSION = 1.0;
				PRODUCT_BUNDLE_IDENTIFIER = com.arrinal.LasportagoUITests;
				PRODUCT_NAME = "$(TARGET_NAME)";
				SDKROOT = auto;
				SUPPORTED_PLATFORMS = "iphoneos iphonesimulator macosx";
				SWIFT_EMIT_LOC_STRINGS = NO;
				SWIFT_VERSION = 5.0;
				TARGETED_DEVICE_FAMILY = "1,2";
				TEST_TARGET_NAME = Lasportago;
			};
			name = Debug;
		};
		705B5BBC293CC6A700591DA7 /* Release */ = {
			isa = XCBuildConfiguration;
			baseConfigurationReference = D400945E6D243EEE0C2BF50D /* Pods-Lasportago-LasportagoUITests.release.xcconfig */;
			buildSettings = {
				ALWAYS_EMBED_SWIFT_STANDARD_LIBRARIES = YES;
				CODE_SIGN_STYLE = Automatic;
				CURRENT_PROJECT_VERSION = 11;
				DEAD_CODE_STRIPPING = YES;
				DEVELOPMENT_TEAM = C625QPFG8X;
				GENERATE_INFOPLIST_FILE = YES;
				IPHONEOS_DEPLOYMENT_TARGET = 16.1;
				MACOSX_DEPLOYMENT_TARGET = 13.0;
				MARKETING_VERSION = 1.0;
				PRODUCT_BUNDLE_IDENTIFIER = com.arrinal.LasportagoUITests;
				PRODUCT_NAME = "$(TARGET_NAME)";
				SDKROOT = auto;
				SUPPORTED_PLATFORMS = "iphoneos iphonesimulator macosx";
				SWIFT_EMIT_LOC_STRINGS = NO;
				SWIFT_VERSION = 5.0;
				TARGETED_DEVICE_FAMILY = "1,2";
				TEST_TARGET_NAME = Lasportago;
			};
			name = Release;
		};
/* End XCBuildConfiguration section */

/* Begin XCConfigurationList section */
		705B5B8A293CC6A500591DA7 /* Build configuration list for PBXProject "Lasportago" */ = {
			isa = XCConfigurationList;
			buildConfigurations = (
				705B5BB2293CC6A700591DA7 /* Debug */,
				705B5BB3293CC6A700591DA7 /* Release */,
			);
			defaultConfigurationIsVisible = 0;
			defaultConfigurationName = Release;
		};
		705B5BB4293CC6A700591DA7 /* Build configuration list for PBXNativeTarget "Lasportago" */ = {
			isa = XCConfigurationList;
			buildConfigurations = (
				705B5BB5293CC6A700591DA7 /* Debug */,
				705B5BB6293CC6A700591DA7 /* Release */,
			);
			defaultConfigurationIsVisible = 0;
			defaultConfigurationName = Release;
		};
		705B5BB7293CC6A700591DA7 /* Build configuration list for PBXNativeTarget "LasportagoTests" */ = {
			isa = XCConfigurationList;
			buildConfigurations = (
				705B5BB8293CC6A700591DA7 /* Debug */,
				705B5BB9293CC6A700591DA7 /* Release */,
			);
			defaultConfigurationIsVisible = 0;
			defaultConfigurationName = Release;
		};
		705B5BBA293CC6A700591DA7 /* Build configuration list for PBXNativeTarget "LasportagoUITests" */ = {
			isa = XCConfigurationList;
			buildConfigurations = (
				705B5BBB293CC6A700591DA7 /* Debug */,
				705B5BBC293CC6A700591DA7 /* Release */,
			);
			defaultConfigurationIsVisible = 0;
			defaultConfigurationName = Release;
		};
/* End XCConfigurationList section */
	};
	rootObject = 705B5B87293CC6A500591DA7 /* Project object */;
}
